
Microsoft Visual Studio Solution File, Format Version 12.00
# Visual Studio Version 17
VisualStudioVersion = 17.5.33502.453
MinimumVisualStudioVersion = 10.0.40219.1
Project("{8BC9CEB8-8B4A-11D0-8D11-00A0C91BC942}") = "test_4_10_1", "test_4_10_1\test_4_10_1.vcxproj", "{5FD277DB-0FFF-414E-B120-C395DFA2A339}"
EndProject
Global
	GlobalSection(SolutionConfigurationPlatforms) = preSolution
		Debug|x64 = Debug|x64
		Debug|x86 = Debug|x86
		Release|x64 = Release|x64
		Release|x86 = Release|x86
	EndGlobalSection
	GlobalSection(ProjectConfigurationPlatforms) = postSolution
		{5FD277DB-0FFF-414E-B120-C395DFA2A339}.Debug|x64.ActiveCfg = Debug|x64
		{5FD277DB-0FFF-414E-B120-C395DFA2A339}.Debug|x64.Build.0 = Debug|x64
		{5FD277DB-0FFF-414E-B120-C395DFA2A339}.Debug|x86.ActiveCfg = Debug|Win32
		{5FD277DB-0FFF-414E-B120-C395DFA2A339}.Debug|x86.Build.0 = Debug|Win32
		{5FD277DB-0FFF-414E-B120-C395DFA2A339}.Release|x64.ActiveCfg = Release|x64
		{5FD277DB-0FFF-414E-B120-C395DFA2A339}.Release|x64.Build.0 = Release|x64
		{5FD277DB-0FFF-414E-B120-C395DFA2A339}.Release|x86.ActiveCfg = Release|Win32
		{5FD277DB-0FFF-414E-B120-C395DFA2A339}.Release|x86.Build.0 = Release|Win32
	EndGlobalSection
	GlobalSection(SolutionProperties) = preSolution
		HideSolutionNode = FALSE
	EndGlobalSection
	GlobalSection(ExtensibilityGlobals) = postSolution
		SolutionGuid = {32DC8A4D-4A62-4DE7-BE7E-FB6A7D916D49}
	EndGlobalSection
EndGlobal
