
Microsoft Visual Studio Solution File, Format Version 12.00
# Visual Studio Version 17
VisualStudioVersion = 17.5.33502.453
MinimumVisualStudioVersion = 10.0.40219.1
Project("{8BC9CEB8-8B4A-11D0-8D11-00A0C91BC942}") = "test_5_17", "test_5_17\test_5_17.vcxproj", "{95B1E02C-5E0A-45EF-89AA-4C46F3DAE9DA}"
EndProject
Global
	GlobalSection(SolutionConfigurationPlatforms) = preSolution
		Debug|x64 = Debug|x64
		Debug|x86 = Debug|x86
		Release|x64 = Release|x64
		Release|x86 = Release|x86
	EndGlobalSection
	GlobalSection(ProjectConfigurationPlatforms) = postSolution
		{95B1E02C-5E0A-45EF-89AA-4C46F3DAE9DA}.Debug|x64.ActiveCfg = Debug|x64
		{95B1E02C-5E0A-45EF-89AA-4C46F3DAE9DA}.Debug|x64.Build.0 = Debug|x64
		{95B1E02C-5E0A-45EF-89AA-4C46F3DAE9DA}.Debug|x86.ActiveCfg = Debug|Win32
		{95B1E02C-5E0A-45EF-89AA-4C46F3DAE9DA}.Debug|x86.Build.0 = Debug|Win32
		{95B1E02C-5E0A-45EF-89AA-4C46F3DAE9DA}.Release|x64.ActiveCfg = Release|x64
		{95B1E02C-5E0A-45EF-89AA-4C46F3DAE9DA}.Release|x64.Build.0 = Release|x64
		{95B1E02C-5E0A-45EF-89AA-4C46F3DAE9DA}.Release|x86.ActiveCfg = Release|Win32
		{95B1E02C-5E0A-45EF-89AA-4C46F3DAE9DA}.Release|x86.Build.0 = Release|Win32
	EndGlobalSection
	GlobalSection(SolutionProperties) = preSolution
		HideSolutionNode = FALSE
	EndGlobalSection
	GlobalSection(ExtensibilityGlobals) = postSolution
		SolutionGuid = {51007C45-D360-4528-8925-5687E9EAF06D}
	EndGlobalSection
EndGlobal
